// !$*UTF8*$!
{
	archiveVersion = 1;
	classes = {
	};
	objectVersion = 50;
	objects = {

/* Begin PBXBuildFile section */
		05AF9C0FF6702BD8E3873820 /* Pods_GithubIssue.framework in Frameworks */ = {isa = PBXBuildFile; fileRef = 582B5E8C143A0F27B6883471 /* Pods_GithubIssue.framework */; };
		6406C406235B561D00108F4E /* AccessToken.swift in Sources */ = {isa = PBXBuildFile; fileRef = 6406C405235B561D00108F4E /* AccessToken.swift */; };
		6406C408235B59DD00108F4E /* AuthenticationResult.swift in Sources */ = {isa = PBXBuildFile; fileRef = 6406C407235B59DD00108F4E /* AuthenticationResult.swift */; };
		6406C40A235B5A5600108F4E /* ApolloNetwork.swift in Sources */ = {isa = PBXBuildFile; fileRef = 6406C409235B5A5600108F4E /* ApolloNetwork.swift */; };
		6406C40C235B5AAF00108F4E /* Constants.swift in Sources */ = {isa = PBXBuildFile; fileRef = 6406C40B235B5AAF00108F4E /* Constants.swift */; };
		6406C40E235B60C100108F4E /* AuthenticationViewModel.swift in Sources */ = {isa = PBXBuildFile; fileRef = 6406C40D235B60C100108F4E /* AuthenticationViewModel.swift */; };
		6406C410235B76B400108F4E /* UIViewController+Extensions.swift in Sources */ = {isa = PBXBuildFile; fileRef = 6406C40F235B76B400108F4E /* UIViewController+Extensions.swift */; };
		6415A2E6235A9D8C000588B4 /* HeaderDetailIssueView.swift in Sources */ = {isa = PBXBuildFile; fileRef = 6415A2E5235A9D8C000588B4 /* HeaderDetailIssueView.swift */; };
		6415A2E8235AA75C000588B4 /* CommentCollectionViewCell.swift in Sources */ = {isa = PBXBuildFile; fileRef = 6415A2E7235AA75C000588B4 /* CommentCollectionViewCell.swift */; };
		6428C712235C546800653F83 /* String+Extensions.swift in Sources */ = {isa = PBXBuildFile; fileRef = 6428C711235C546800653F83 /* String+Extensions.swift */; };
		642B80BA235B7A57003A01A9 /* UITextfield+Extensions.swift in Sources */ = {isa = PBXBuildFile; fileRef = 642B80B9235B7A57003A01A9 /* UITextfield+Extensions.swift */; };
		642B80BC235B7B3A003A01A9 /* Repository.graphql in Resources */ = {isa = PBXBuildFile; fileRef = 642B80BB235B7B3A003A01A9 /* Repository.graphql */; };
		642B80BE235B7D25003A01A9 /* AuthenticationNetwork.swift in Sources */ = {isa = PBXBuildFile; fileRef = 642B80BD235B7D25003A01A9 /* AuthenticationNetwork.swift */; };
		642B80C0235B80C8003A01A9 /* RepositoryNetwork.swift in Sources */ = {isa = PBXBuildFile; fileRef = 642B80BF235B80C8003A01A9 /* RepositoryNetwork.swift */; };
		642B80C2235BEE7B003A01A9 /* CustomError.swift in Sources */ = {isa = PBXBuildFile; fileRef = 642B80C1235BEE7B003A01A9 /* CustomError.swift */; };
		642B80C4235BF1E3003A01A9 /* ListIssueViewModel.swift in Sources */ = {isa = PBXBuildFile; fileRef = 642B80C3235BF1E3003A01A9 /* ListIssueViewModel.swift */; };
		645962542358554F005C2BD9 /* AppCoordinator.swift in Sources */ = {isa = PBXBuildFile; fileRef = 645962532358554F005C2BD9 /* AppCoordinator.swift */; };
		645962562358558C005C2BD9 /* AuthenticationCoordinator.swift in Sources */ = {isa = PBXBuildFile; fileRef = 645962552358558C005C2BD9 /* AuthenticationCoordinator.swift */; };
		64596258235855C8005C2BD9 /* ListIssueCoordinator.swift in Sources */ = {isa = PBXBuildFile; fileRef = 64596257235855C8005C2BD9 /* ListIssueCoordinator.swift */; };
		6459625C23586AD0005C2BD9 /* AuthenticationViewController.swift in Sources */ = {isa = PBXBuildFile; fileRef = 6459625B23586AD0005C2BD9 /* AuthenticationViewController.swift */; };
		6459625E2358C2AB005C2BD9 /* ListIssueViewController.swift in Sources */ = {isa = PBXBuildFile; fileRef = 6459625D2358C2AB005C2BD9 /* ListIssueViewController.swift */; };
		6459626223595D3A005C2BD9 /* IssueTableViewCell.swift in Sources */ = {isa = PBXBuildFile; fileRef = 6459626123595D3A005C2BD9 /* IssueTableViewCell.swift */; };
		645962642359B199005C2BD9 /* DetailIssueViewController.swift in Sources */ = {isa = PBXBuildFile; fileRef = 645962632359B199005C2BD9 /* DetailIssueViewController.swift */; };
		645962662359B20B005C2BD9 /* UITableView+Extensions.swift in Sources */ = {isa = PBXBuildFile; fileRef = 645962652359B20B005C2BD9 /* UITableView+Extensions.swift */; };
		64E1FEC02357672500A67E8C /* AppDelegate.swift in Sources */ = {isa = PBXBuildFile; fileRef = 64E1FEBF2357672500A67E8C /* AppDelegate.swift */; };
		64E1FEC92357672600A67E8C /* Assets.xcassets in Resources */ = {isa = PBXBuildFile; fileRef = 64E1FEC82357672600A67E8C /* Assets.xcassets */; };
		64E1FECC2357672600A67E8C /* LaunchScreen.storyboard in Resources */ = {isa = PBXBuildFile; fileRef = 64E1FECA2357672600A67E8C /* LaunchScreen.storyboard */; };
		64E1FF2A2358194A00A67E8C /* Coordinator.swift in Sources */ = {isa = PBXBuildFile; fileRef = 64E1FF292358194A00A67E8C /* Coordinator.swift */; };
		64F3F7DB235B3398004AD381 /* schema.json in Resources */ = {isa = PBXBuildFile; fileRef = 64F3F7DA235B3397004AD381 /* schema.json */; };
		64F3F7E2235B342D004AD381 /* Authentication.graphql in Resources */ = {isa = PBXBuildFile; fileRef = 64F3F7E1235B342D004AD381 /* Authentication.graphql */; };
		64F3F7E8235B36F1004AD381 /* GitHubAPI.swift in Sources */ = {isa = PBXBuildFile; fileRef = 64F3F7E7235B36F1004AD381 /* GitHubAPI.swift */; };
/* End PBXBuildFile section */

/* Begin PBXFileReference section */
		582B5E8C143A0F27B6883471 /* Pods_GithubIssue.framework */ = {isa = PBXFileReference; explicitFileType = wrapper.framework; includeInIndex = 0; path = Pods_GithubIssue.framework; sourceTree = BUILT_PRODUCTS_DIR; };
		6406C405235B561D00108F4E /* AccessToken.swift */ = {isa = PBXFileReference; lastKnownFileType = sourcecode.swift; path = AccessToken.swift; sourceTree = "<group>"; };
		6406C407235B59DD00108F4E /* AuthenticationResult.swift */ = {isa = PBXFileReference; lastKnownFileType = sourcecode.swift; path = AuthenticationResult.swift; sourceTree = "<group>"; };
		6406C409235B5A5600108F4E /* ApolloNetwork.swift */ = {isa = PBXFileReference; lastKnownFileType = sourcecode.swift; path = ApolloNetwork.swift; sourceTree = "<group>"; };
		6406C40B235B5AAF00108F4E /* Constants.swift */ = {isa = PBXFileReference; lastKnownFileType = sourcecode.swift; path = Constants.swift; sourceTree = "<group>"; };
		6406C40D235B60C100108F4E /* AuthenticationViewModel.swift */ = {isa = PBXFileReference; lastKnownFileType = sourcecode.swift; path = AuthenticationViewModel.swift; sourceTree = "<group>"; };
		6406C40F235B76B400108F4E /* UIViewController+Extensions.swift */ = {isa = PBXFileReference; lastKnownFileType = sourcecode.swift; path = "UIViewController+Extensions.swift"; sourceTree = "<group>"; };
		6415A2E5235A9D8C000588B4 /* HeaderDetailIssueView.swift */ = {isa = PBXFileReference; lastKnownFileType = sourcecode.swift; path = HeaderDetailIssueView.swift; sourceTree = "<group>"; };
		6415A2E7235AA75C000588B4 /* CommentCollectionViewCell.swift */ = {isa = PBXFileReference; lastKnownFileType = sourcecode.swift; path = CommentCollectionViewCell.swift; sourceTree = "<group>"; };
		6428C711235C546800653F83 /* String+Extensions.swift */ = {isa = PBXFileReference; lastKnownFileType = sourcecode.swift; path = "String+Extensions.swift"; sourceTree = "<group>"; };
		642B80B9235B7A57003A01A9 /* UITextfield+Extensions.swift */ = {isa = PBXFileReference; lastKnownFileType = sourcecode.swift; path = "UITextfield+Extensions.swift"; sourceTree = "<group>"; };
		642B80BB235B7B3A003A01A9 /* Repository.graphql */ = {isa = PBXFileReference; lastKnownFileType = text; path = Repository.graphql; sourceTree = "<group>"; };
		642B80BD235B7D25003A01A9 /* AuthenticationNetwork.swift */ = {isa = PBXFileReference; lastKnownFileType = sourcecode.swift; path = AuthenticationNetwork.swift; sourceTree = "<group>"; };
		642B80BF235B80C8003A01A9 /* RepositoryNetwork.swift */ = {isa = PBXFileReference; lastKnownFileType = sourcecode.swift; path = RepositoryNetwork.swift; sourceTree = "<group>"; };
		642B80C1235BEE7B003A01A9 /* CustomError.swift */ = {isa = PBXFileReference; lastKnownFileType = sourcecode.swift; path = CustomError.swift; sourceTree = "<group>"; };
		642B80C3235BF1E3003A01A9 /* ListIssueViewModel.swift */ = {isa = PBXFileReference; lastKnownFileType = sourcecode.swift; path = ListIssueViewModel.swift; sourceTree = "<group>"; };
		645962532358554F005C2BD9 /* AppCoordinator.swift */ = {isa = PBXFileReference; lastKnownFileType = sourcecode.swift; path = AppCoordinator.swift; sourceTree = "<group>"; };
		645962552358558C005C2BD9 /* AuthenticationCoordinator.swift */ = {isa = PBXFileReference; lastKnownFileType = sourcecode.swift; path = AuthenticationCoordinator.swift; sourceTree = "<group>"; };
		64596257235855C8005C2BD9 /* ListIssueCoordinator.swift */ = {isa = PBXFileReference; lastKnownFileType = sourcecode.swift; path = ListIssueCoordinator.swift; sourceTree = "<group>"; };
		6459625B23586AD0005C2BD9 /* AuthenticationViewController.swift */ = {isa = PBXFileReference; lastKnownFileType = sourcecode.swift; path = AuthenticationViewController.swift; sourceTree = "<group>"; };
		6459625D2358C2AB005C2BD9 /* ListIssueViewController.swift */ = {isa = PBXFileReference; lastKnownFileType = sourcecode.swift; path = ListIssueViewController.swift; sourceTree = "<group>"; };
		6459626123595D3A005C2BD9 /* IssueTableViewCell.swift */ = {isa = PBXFileReference; lastKnownFileType = sourcecode.swift; path = IssueTableViewCell.swift; sourceTree = "<group>"; };
		645962632359B199005C2BD9 /* DetailIssueViewController.swift */ = {isa = PBXFileReference; lastKnownFileType = sourcecode.swift; path = DetailIssueViewController.swift; sourceTree = "<group>"; };
		645962652359B20B005C2BD9 /* UITableView+Extensions.swift */ = {isa = PBXFileReference; lastKnownFileType = sourcecode.swift; path = "UITableView+Extensions.swift"; sourceTree = "<group>"; };
		64E1FEBC2357672500A67E8C /* GithubIssue.app */ = {isa = PBXFileReference; explicitFileType = wrapper.application; includeInIndex = 0; path = GithubIssue.app; sourceTree = BUILT_PRODUCTS_DIR; };
		64E1FEBF2357672500A67E8C /* AppDelegate.swift */ = {isa = PBXFileReference; lastKnownFileType = sourcecode.swift; path = AppDelegate.swift; sourceTree = "<group>"; };
		64E1FEC82357672600A67E8C /* Assets.xcassets */ = {isa = PBXFileReference; lastKnownFileType = folder.assetcatalog; path = Assets.xcassets; sourceTree = "<group>"; };
		64E1FECB2357672600A67E8C /* Base */ = {isa = PBXFileReference; lastKnownFileType = file.storyboard; name = Base; path = Base.lproj/LaunchScreen.storyboard; sourceTree = "<group>"; };
		64E1FECD2357672600A67E8C /* Info.plist */ = {isa = PBXFileReference; lastKnownFileType = text.plist.xml; path = Info.plist; sourceTree = "<group>"; };
		64E1FF292358194A00A67E8C /* Coordinator.swift */ = {isa = PBXFileReference; lastKnownFileType = sourcecode.swift; path = Coordinator.swift; sourceTree = "<group>"; };
		64F3F7DA235B3397004AD381 /* schema.json */ = {isa = PBXFileReference; fileEncoding = 4; lastKnownFileType = text.json; name = schema.json; path = ../GithubIssue/schema.json; sourceTree = "<group>"; };
		64F3F7E1235B342D004AD381 /* Authentication.graphql */ = {isa = PBXFileReference; fileEncoding = 4; lastKnownFileType = text; path = Authentication.graphql; sourceTree = "<group>"; };
		64F3F7E7235B36F1004AD381 /* GitHubAPI.swift */ = {isa = PBXFileReference; fileEncoding = 4; lastKnownFileType = sourcecode.swift; name = GitHubAPI.swift; path = Services/GitHubAPI.swift; sourceTree = SOURCE_ROOT; };
		9610974F6D2C2FBA68787C28 /* Pods-GithubIssue.debug.xcconfig */ = {isa = PBXFileReference; includeInIndex = 1; lastKnownFileType = text.xcconfig; name = "Pods-GithubIssue.debug.xcconfig"; path = "Pods/Target Support Files/Pods-GithubIssue/Pods-GithubIssue.debug.xcconfig"; sourceTree = "<group>"; };
		A80370200AA5A35E34E521CD /* Pods-GithubIssue.release.xcconfig */ = {isa = PBXFileReference; includeInIndex = 1; lastKnownFileType = text.xcconfig; name = "Pods-GithubIssue.release.xcconfig"; path = "Pods/Target Support Files/Pods-GithubIssue/Pods-GithubIssue.release.xcconfig"; sourceTree = "<group>"; };
/* End PBXFileReference section */

/* Begin PBXFrameworksBuildPhase section */
		64E1FEB92357672500A67E8C /* Frameworks */ = {
			isa = PBXFrameworksBuildPhase;
			buildActionMask = 2147483647;
			files = (
				05AF9C0FF6702BD8E3873820 /* Pods_GithubIssue.framework in Frameworks */,
			);
			runOnlyForDeploymentPostprocessing = 0;
		};
/* End PBXFrameworksBuildPhase section */

/* Begin PBXGroup section */
		38F559B0E631F7AA8A3C92C1 /* Frameworks */ = {
			isa = PBXGroup;
			children = (
				582B5E8C143A0F27B6883471 /* Pods_GithubIssue.framework */,
			);
			name = Frameworks;
			sourceTree = "<group>";
		};
		6430709D235B2B610018ECD6 /* Queries */ = {
			isa = PBXGroup;
			children = (
				642B80BB235B7B3A003A01A9 /* Repository.graphql */,
				64F3F7E1235B342D004AD381 /* Authentication.graphql */,
			);
			path = Queries;
			sourceTree = "<group>";
		};
		6459625923586AB9005C2BD9 /* Authentication */ = {
			isa = PBXGroup;
			children = (
				6459625B23586AD0005C2BD9 /* AuthenticationViewController.swift */,
			);
			path = Authentication;
			sourceTree = "<group>";
		};
		6459625A23586ABF005C2BD9 /* ListIssue */ = {
			isa = PBXGroup;
			children = (
				6459625D2358C2AB005C2BD9 /* ListIssueViewController.swift */,
				645962632359B199005C2BD9 /* DetailIssueViewController.swift */,
			);
			path = ListIssue;
			sourceTree = "<group>";
		};
		6459625F23595D22005C2BD9 /* ListIssue */ = {
			isa = PBXGroup;
			children = (
				6459626023595D29005C2BD9 /* Cell */,
			);
			path = ListIssue;
			sourceTree = "<group>";
		};
		6459626023595D29005C2BD9 /* Cell */ = {
			isa = PBXGroup;
			children = (
				6415A2E7235AA75C000588B4 /* CommentCollectionViewCell.swift */,
				6459626123595D3A005C2BD9 /* IssueTableViewCell.swift */,
				6415A2E5235A9D8C000588B4 /* HeaderDetailIssueView.swift */,
			);
			path = Cell;
			sourceTree = "<group>";
		};
		64E1FEB32357672500A67E8C = {
			isa = PBXGroup;
			children = (
				64E1FEBE2357672500A67E8C /* GithubIssue */,
				64E1FEBD2357672500A67E8C /* Products */,
				6706B4D4C6C55AE72F7D4382 /* Pods */,
				38F559B0E631F7AA8A3C92C1 /* Frameworks */,
			);
			sourceTree = "<group>";
		};
		64E1FEBD2357672500A67E8C /* Products */ = {
			isa = PBXGroup;
			children = (
				64E1FEBC2357672500A67E8C /* GithubIssue.app */,
			);
			name = Products;
			sourceTree = "<group>";
		};
		64E1FEBE2357672500A67E8C /* GithubIssue */ = {
			isa = PBXGroup;
			children = (
				64E1FEF423576A4F00A67E8C /* Application */,
				64E1FEF923576A4F00A67E8C /* Extensions */,
				64E1FEF823576A4F00A67E8C /* Models */,
				64E1FEF223576A4F00A67E8C /* Protocols */,
				64E1FEF723576A4F00A67E8C /* Resources */,
				64E1FEFA23576A4F00A67E8C /* Routers */,
				64E1FEF523576A4F00A67E8C /* Services */,
				64E1FEF323576A4F00A67E8C /* ViewModels */,
				64E1FEF623576A4F00A67E8C /* Views */,
				64E1FEF1235769E700A67E8C /* Controllers */,
			);
			path = GithubIssue;
			sourceTree = "<group>";
		};
		64E1FEF1235769E700A67E8C /* Controllers */ = {
			isa = PBXGroup;
			children = (
				6459625A23586ABF005C2BD9 /* ListIssue */,
				6459625923586AB9005C2BD9 /* Authentication */,
			);
			path = Controllers;
			sourceTree = SOURCE_ROOT;
		};
		64E1FEF223576A4F00A67E8C /* Protocols */ = {
			isa = PBXGroup;
			children = (
				64E1FF292358194A00A67E8C /* Coordinator.swift */,
			);
			path = Protocols;
			sourceTree = SOURCE_ROOT;
		};
		64E1FEF323576A4F00A67E8C /* ViewModels */ = {
			isa = PBXGroup;
			children = (
				6406C40D235B60C100108F4E /* AuthenticationViewModel.swift */,
				642B80C3235BF1E3003A01A9 /* ListIssueViewModel.swift */,
			);
			path = ViewModels;
			sourceTree = SOURCE_ROOT;
		};
		64E1FEF423576A4F00A67E8C /* Application */ = {
			isa = PBXGroup;
			children = (
				64E1FECA2357672600A67E8C /* LaunchScreen.storyboard */,
				64E1FEFC23576B6E00A67E8C /* Infos */,
				64E1FEFB23576B6600A67E8C /* Constants */,
				64E1FEBF2357672500A67E8C /* AppDelegate.swift */,
			);
			path = Application;
			sourceTree = SOURCE_ROOT;
		};
		64E1FEF523576A4F00A67E8C /* Services */ = {
			isa = PBXGroup;
			children = (
				642B80BF235B80C8003A01A9 /* RepositoryNetwork.swift */,
				642B80BD235B7D25003A01A9 /* AuthenticationNetwork.swift */,
				6406C409235B5A5600108F4E /* ApolloNetwork.swift */,
				64F3F7E7235B36F1004AD381 /* GitHubAPI.swift */,
				6430709D235B2B610018ECD6 /* Queries */,
			);
			path = Services;
			sourceTree = SOURCE_ROOT;
		};
		64E1FEF623576A4F00A67E8C /* Views */ = {
			isa = PBXGroup;
			children = (
				6459625F23595D22005C2BD9 /* ListIssue */,
			);
			path = Views;
			sourceTree = SOURCE_ROOT;
		};
		64E1FEF723576A4F00A67E8C /* Resources */ = {
			isa = PBXGroup;
			children = (
				64F3F7DA235B3397004AD381 /* schema.json */,
				64E1FEC82357672600A67E8C /* Assets.xcassets */,
			);
			path = Resources;
			sourceTree = SOURCE_ROOT;
		};
		64E1FEF823576A4F00A67E8C /* Models */ = {
			isa = PBXGroup;
			children = (
				6406C405235B561D00108F4E /* AccessToken.swift */,
				6406C407235B59DD00108F4E /* AuthenticationResult.swift */,
			);
			path = Models;
			sourceTree = SOURCE_ROOT;
		};
		64E1FEF923576A4F00A67E8C /* Extensions */ = {
			isa = PBXGroup;
			children = (
				645962652359B20B005C2BD9 /* UITableView+Extensions.swift */,
				6406C40F235B76B400108F4E /* UIViewController+Extensions.swift */,
				642B80B9235B7A57003A01A9 /* UITextfield+Extensions.swift */,
				6428C711235C546800653F83 /* String+Extensions.swift */,
			);
			path = Extensions;
			sourceTree = SOURCE_ROOT;
		};
		64E1FEFA23576A4F00A67E8C /* Routers */ = {
			isa = PBXGroup;
			children = (
				645962532358554F005C2BD9 /* AppCoordinator.swift */,
				645962552358558C005C2BD9 /* AuthenticationCoordinator.swift */,
				64596257235855C8005C2BD9 /* ListIssueCoordinator.swift */,
			);
			path = Routers;
			sourceTree = SOURCE_ROOT;
		};
		64E1FEFB23576B6600A67E8C /* Constants */ = {
			isa = PBXGroup;
			children = (
				6406C40B235B5AAF00108F4E /* Constants.swift */,
				642B80C1235BEE7B003A01A9 /* CustomError.swift */,
			);
			path = Constants;
			sourceTree = "<group>";
		};
		64E1FEFC23576B6E00A67E8C /* Infos */ = {
			isa = PBXGroup;
			children = (
				64E1FECD2357672600A67E8C /* Info.plist */,
			);
			path = Infos;
			sourceTree = "<group>";
		};
		6706B4D4C6C55AE72F7D4382 /* Pods */ = {
			isa = PBXGroup;
			children = (
				9610974F6D2C2FBA68787C28 /* Pods-GithubIssue.debug.xcconfig */,
				A80370200AA5A35E34E521CD /* Pods-GithubIssue.release.xcconfig */,
			);
			name = Pods;
			sourceTree = "<group>";
		};
/* End PBXGroup section */

/* Begin PBXNativeTarget section */
		64E1FEBB2357672500A67E8C /* GithubIssue */ = {
			isa = PBXNativeTarget;
			buildConfigurationList = 64E1FED02357672600A67E8C /* Build configuration list for PBXNativeTarget "GithubIssue" */;
			buildPhases = (
				D3B880FA48113124CD9FD4FF /* [CP] Check Pods Manifest.lock */,
				64E1FEB82357672500A67E8C /* Sources */,
				64E1FEB92357672500A67E8C /* Frameworks */,
				64E1FEBA2357672500A67E8C /* Resources */,
				076CE0A83264D5ECCD214DA1 /* [CP] Embed Pods Frameworks */,
				643070A0235B2C0E0018ECD6 /* Apollo Script */,
			);
			buildRules = (
			);
			dependencies = (
			);
			name = GithubIssue;
			productName = GithubIssue;
			productReference = 64E1FEBC2357672500A67E8C /* GithubIssue.app */;
			productType = "com.apple.product-type.application";
		};
/* End PBXNativeTarget section */

/* Begin PBXProject section */
		64E1FEB42357672500A67E8C /* Project object */ = {
			isa = PBXProject;
			attributes = {
				LastSwiftUpdateCheck = 1100;
				LastUpgradeCheck = 1100;
				ORGANIZATIONNAME = nhat;
				TargetAttributes = {
					64E1FEBB2357672500A67E8C = {
						CreatedOnToolsVersion = 11.0;
					};
				};
			};
			buildConfigurationList = 64E1FEB72357672500A67E8C /* Build configuration list for PBXProject "GithubIssue" */;
			compatibilityVersion = "Xcode 9.3";
			developmentRegion = en;
			hasScannedForEncodings = 0;
			knownRegions = (
				en,
				Base,
			);
			mainGroup = 64E1FEB32357672500A67E8C;
			productRefGroup = 64E1FEBD2357672500A67E8C /* Products */;
			projectDirPath = "";
			projectRoot = "";
			targets = (
				64E1FEBB2357672500A67E8C /* GithubIssue */,
			);
		};
/* End PBXProject section */

/* Begin PBXResourcesBuildPhase section */
		64E1FEBA2357672500A67E8C /* Resources */ = {
			isa = PBXResourcesBuildPhase;
			buildActionMask = 2147483647;
			files = (
				64F3F7E2235B342D004AD381 /* Authentication.graphql in Resources */,
				64F3F7DB235B3398004AD381 /* schema.json in Resources */,
				64E1FECC2357672600A67E8C /* LaunchScreen.storyboard in Resources */,
				64E1FEC92357672600A67E8C /* Assets.xcassets in Resources */,
				642B80BC235B7B3A003A01A9 /* Repository.graphql in Resources */,
			);
			runOnlyForDeploymentPostprocessing = 0;
		};
/* End PBXResourcesBuildPhase section */

/* Begin PBXShellScriptBuildPhase section */
		076CE0A83264D5ECCD214DA1 /* [CP] Embed Pods Frameworks */ = {
			isa = PBXShellScriptBuildPhase;
			buildActionMask = 2147483647;
			files = (
			);
			inputFileListPaths = (
			);
			inputPaths = (
				"${SRCROOT}/Pods/Target Support Files/Pods-GithubIssue/Pods-GithubIssue-frameworks.sh",
				"${BUILT_PRODUCTS_DIR}/Apollo/Apollo.framework",
				"${BUILT_PRODUCTS_DIR}/KeychainSwift/KeychainSwift.framework",
				"${BUILT_PRODUCTS_DIR}/MBProgressHUD/MBProgressHUD.framework",
				"${BUILT_PRODUCTS_DIR}/Reusable/Reusable.framework",
				"${BUILT_PRODUCTS_DIR}/SDWebImage/SDWebImage.framework",
				"${BUILT_PRODUCTS_DIR}/SnapKit/SnapKit.framework",
				"${BUILT_PRODUCTS_DIR}/SwiftDate/SwiftDate.framework",
				"${BUILT_PRODUCTS_DIR}/Toaster/Toaster.framework",
			);
			name = "[CP] Embed Pods Frameworks";
			outputFileListPaths = (
			);
			outputPaths = (
				"${TARGET_BUILD_DIR}/${FRAMEWORKS_FOLDER_PATH}/Apollo.framework",
				"${TARGET_BUILD_DIR}/${FRAMEWORKS_FOLDER_PATH}/KeychainSwift.framework",
				"${TARGET_BUILD_DIR}/${FRAMEWORKS_FOLDER_PATH}/MBProgressHUD.framework",
				"${TARGET_BUILD_DIR}/${FRAMEWORKS_FOLDER_PATH}/Reusable.framework",
				"${TARGET_BUILD_DIR}/${FRAMEWORKS_FOLDER_PATH}/SDWebImage.framework",
				"${TARGET_BUILD_DIR}/${FRAMEWORKS_FOLDER_PATH}/SnapKit.framework",
				"${TARGET_BUILD_DIR}/${FRAMEWORKS_FOLDER_PATH}/SwiftDate.framework",
				"${TARGET_BUILD_DIR}/${FRAMEWORKS_FOLDER_PATH}/Toaster.framework",
			);
			runOnlyForDeploymentPostprocessing = 0;
			shellPath = /bin/sh;
			shellScript = "\"${SRCROOT}/Pods/Target Support Files/Pods-GithubIssue/Pods-GithubIssue-frameworks.sh\"\n";
			showEnvVarsInLog = 0;
		};
		643070A0235B2C0E0018ECD6 /* Apollo Script */ = {
			isa = PBXShellScriptBuildPhase;
			buildActionMask = 2147483647;
			files = (
			);
			inputFileListPaths = (
			);
			inputPaths = (
			);
			name = "Apollo Script";
			outputFileListPaths = (
			);
			outputPaths = (
			);
			runOnlyForDeploymentPostprocessing = 0;
			shellPath = /bin/sh;
			shellScript = "SCRIPT_PATH=\"${PODS_ROOT}/Apollo/scripts\"\ncd \"${SRCROOT}/${TARGET_NAME}\"\n\"${SCRIPT_PATH}\"/run-bundled-codegen.sh codegen:generate --target=swift --includes=../**/*.graphql --localSchemaFile=\"schema.json\" ../Services/GitHubAPI.swift\n";
		};
		D3B880FA48113124CD9FD4FF /* [CP] Check Pods Manifest.lock */ = {
			isa = PBXShellScriptBuildPhase;
			buildActionMask = 2147483647;
			files = (
			);
			inputFileListPaths = (
			);
			inputPaths = (
				"${PODS_PODFILE_DIR_PATH}/Podfile.lock",
				"${PODS_ROOT}/Manifest.lock",
			);
			name = "[CP] Check Pods Manifest.lock";
			outputFileListPaths = (
			);
			outputPaths = (
				"$(DERIVED_FILE_DIR)/Pods-GithubIssue-checkManifestLockResult.txt",
			);
			runOnlyForDeploymentPostprocessing = 0;
			shellPath = /bin/sh;
			shellScript = "diff \"${PODS_PODFILE_DIR_PATH}/Podfile.lock\" \"${PODS_ROOT}/Manifest.lock\" > /dev/null\nif [ $? != 0 ] ; then\n    # print error to STDERR\n    echo \"error: The sandbox is not in sync with the Podfile.lock. Run 'pod install' or update your CocoaPods installation.\" >&2\n    exit 1\nfi\n# This output is used by Xcode 'outputs' to avoid re-running this script phase.\necho \"SUCCESS\" > \"${SCRIPT_OUTPUT_FILE_0}\"\n";
			showEnvVarsInLog = 0;
		};
/* End PBXShellScriptBuildPhase section */

/* Begin PBXSourcesBuildPhase section */
		64E1FEB82357672500A67E8C /* Sources */ = {
			isa = PBXSourcesBuildPhase;
			buildActionMask = 2147483647;
			files = (
				642B80C2235BEE7B003A01A9 /* CustomError.swift in Sources */,
				645962642359B199005C2BD9 /* DetailIssueViewController.swift in Sources */,
				642B80BA235B7A57003A01A9 /* UITextfield+Extensions.swift in Sources */,
				6406C40C235B5AAF00108F4E /* Constants.swift in Sources */,
				642B80C4235BF1E3003A01A9 /* ListIssueViewModel.swift in Sources */,
				645962562358558C005C2BD9 /* AuthenticationCoordinator.swift in Sources */,
				6415A2E6235A9D8C000588B4 /* HeaderDetailIssueView.swift in Sources */,
				642B80BE235B7D25003A01A9 /* AuthenticationNetwork.swift in Sources */,
				6459625E2358C2AB005C2BD9 /* ListIssueViewController.swift in Sources */,
				64F3F7E8235B36F1004AD381 /* GitHubAPI.swift in Sources */,
				6406C410235B76B400108F4E /* UIViewController+Extensions.swift in Sources */,
				6406C40E235B60C100108F4E /* AuthenticationViewModel.swift in Sources */,
				6415A2E8235AA75C000588B4 /* CommentCollectionViewCell.swift in Sources */,
				64596258235855C8005C2BD9 /* ListIssueCoordinator.swift in Sources */,
				6406C406235B561D00108F4E /* AccessToken.swift in Sources */,
				645962542358554F005C2BD9 /* AppCoordinator.swift in Sources */,
				645962662359B20B005C2BD9 /* UITableView+Extensions.swift in Sources */,
				6406C408235B59DD00108F4E /* AuthenticationResult.swift in Sources */,
				6428C712235C546800653F83 /* String+Extensions.swift in Sources */,
				642B80C0235B80C8003A01A9 /* RepositoryNetwork.swift in Sources */,
				64E1FF2A2358194A00A67E8C /* Coordinator.swift in Sources */,
				6459625C23586AD0005C2BD9 /* AuthenticationViewController.swift in Sources */,
				64E1FEC02357672500A67E8C /* AppDelegate.swift in Sources */,
				6459626223595D3A005C2BD9 /* IssueTableViewCell.swift in Sources */,
				6406C40A235B5A5600108F4E /* ApolloNetwork.swift in Sources */,
			);
			runOnlyForDeploymentPostprocessing = 0;
		};
/* End PBXSourcesBuildPhase section */

/* Begin PBXVariantGroup section */
		64E1FECA2357672600A67E8C /* LaunchScreen.storyboard */ = {
			isa = PBXVariantGroup;
			children = (
				64E1FECB2357672600A67E8C /* Base */,
			);
			name = LaunchScreen.storyboard;
			sourceTree = "<group>";
		};
/* End PBXVariantGroup section */

/* Begin XCBuildConfiguration section */
		64E1FECE2357672600A67E8C /* Debug */ = {
			isa = XCBuildConfiguration;
			buildSettings = {
				ALWAYS_SEARCH_USER_PATHS = NO;
				CLANG_ANALYZER_NONNULL = YES;
				CLANG_ANALYZER_NUMBER_OBJECT_CONVERSION = YES_AGGRESSIVE;
				CLANG_CXX_LANGUAGE_STANDARD = "gnu++14";
				CLANG_CXX_LIBRARY = "libc++";
				CLANG_ENABLE_MODULES = YES;
				CLANG_ENABLE_OBJC_ARC = YES;
				CLANG_ENABLE_OBJC_WEAK = YES;
				CLANG_WARN_BLOCK_CAPTURE_AUTORELEASING = YES;
				CLANG_WARN_BOOL_CONVERSION = YES;
				CLANG_WARN_COMMA = YES;
				CLANG_WARN_CONSTANT_CONVERSION = YES;
				CLANG_WARN_DEPRECATED_OBJC_IMPLEMENTATIONS = YES;
				CLANG_WARN_DIRECT_OBJC_ISA_USAGE = YES_ERROR;
				CLANG_WARN_DOCUMENTATION_COMMENTS = YES;
				CLANG_WARN_EMPTY_BODY = YES;
				CLANG_WARN_ENUM_CONVERSION = YES;
				CLANG_WARN_INFINITE_RECURSION = YES;
				CLANG_WARN_INT_CONVERSION = YES;
				CLANG_WARN_NON_LITERAL_NULL_CONVERSION = YES;
				CLANG_WARN_OBJC_IMPLICIT_RETAIN_SELF = YES;
				CLANG_WARN_OBJC_LITERAL_CONVERSION = YES;
				CLANG_WARN_OBJC_ROOT_CLASS = YES_ERROR;
				CLANG_WARN_RANGE_LOOP_ANALYSIS = YES;
				CLANG_WARN_STRICT_PROTOTYPES = YES;
				CLANG_WARN_SUSPICIOUS_MOVE = YES;
				CLANG_WARN_UNGUARDED_AVAILABILITY = YES_AGGRESSIVE;
				CLANG_WARN_UNREACHABLE_CODE = YES;
				CLANG_WARN__DUPLICATE_METHOD_MATCH = YES;
				COPY_PHASE_STRIP = NO;
				DEBUG_INFORMATION_FORMAT = dwarf;
				ENABLE_STRICT_OBJC_MSGSEND = YES;
				ENABLE_TESTABILITY = YES;
				GCC_C_LANGUAGE_STANDARD = gnu11;
				GCC_DYNAMIC_NO_PIC = NO;
				GCC_NO_COMMON_BLOCKS = YES;
				GCC_OPTIMIZATION_LEVEL = 0;
				GCC_PREPROCESSOR_DEFINITIONS = (
					"DEBUG=1",
					"$(inherited)",
				);
				GCC_WARN_64_TO_32_BIT_CONVERSION = YES;
				GCC_WARN_ABOUT_RETURN_TYPE = YES_ERROR;
				GCC_WARN_UNDECLARED_SELECTOR = YES;
				GCC_WARN_UNINITIALIZED_AUTOS = YES_AGGRESSIVE;
				GCC_WARN_UNUSED_FUNCTION = YES;
				GCC_WARN_UNUSED_VARIABLE = YES;
				IPHONEOS_DEPLOYMENT_TARGET = 10.0;
				MTL_ENABLE_DEBUG_INFO = INCLUDE_SOURCE;
				MTL_FAST_MATH = YES;
				ONLY_ACTIVE_ARCH = YES;
				SDKROOT = iphoneos;
				SWIFT_ACTIVE_COMPILATION_CONDITIONS = DEBUG;
				SWIFT_OPTIMIZATION_LEVEL = "-Onone";
			};
			name = Debug;
		};
		64E1FECF2357672600A67E8C /* Release */ = {
			isa = XCBuildConfiguration;
			buildSettings = {
				ALWAYS_SEARCH_USER_PATHS = NO;
				CLANG_ANALYZER_NONNULL = YES;
				CLANG_ANALYZER_NUMBER_OBJECT_CONVERSION = YES_AGGRESSIVE;
				CLANG_CXX_LANGUAGE_STANDARD = "gnu++14";
				CLANG_CXX_LIBRARY = "libc++";
				CLANG_ENABLE_MODULES = YES;
				CLANG_ENABLE_OBJC_ARC = YES;
				CLANG_ENABLE_OBJC_WEAK = YES;
				CLANG_WARN_BLOCK_CAPTURE_AUTORELEASING = YES;
				CLANG_WARN_BOOL_CONVERSION = YES;
				CLANG_WARN_COMMA = YES;
				CLANG_WARN_CONSTANT_CONVERSION = YES;
				CLANG_WARN_DEPRECATED_OBJC_IMPLEMENTATIONS = YES;
				CLANG_WARN_DIRECT_OBJC_ISA_USAGE = YES_ERROR;
				CLANG_WARN_DOCUMENTATION_COMMENTS = YES;
				CLANG_WARN_EMPTY_BODY = YES;
				CLANG_WARN_ENUM_CONVERSION = YES;
				CLANG_WARN_INFINITE_RECURSION = YES;
				CLANG_WARN_INT_CONVERSION = YES;
				CLANG_WARN_NON_LITERAL_NULL_CONVERSION = YES;
				CLANG_WARN_OBJC_IMPLICIT_RETAIN_SELF = YES;
				CLANG_WARN_OBJC_LITERAL_CONVERSION = YES;
				CLANG_WARN_OBJC_ROOT_CLASS = YES_ERROR;
				CLANG_WARN_RANGE_LOOP_ANALYSIS = YES;
				CLANG_WARN_STRICT_PROTOTYPES = YES;
				CLANG_WARN_SUSPICIOUS_MOVE = YES;
				CLANG_WARN_UNGUARDED_AVAILABILITY = YES_AGGRESSIVE;
				CLANG_WARN_UNREACHABLE_CODE = YES;
				CLANG_WARN__DUPLICATE_METHOD_MATCH = YES;
				COPY_PHASE_STRIP = NO;
				DEBUG_INFORMATION_FORMAT = "dwarf-with-dsym";
				ENABLE_NS_ASSERTIONS = NO;
				ENABLE_STRICT_OBJC_MSGSEND = YES;
				GCC_C_LANGUAGE_STANDARD = gnu11;
				GCC_NO_COMMON_BLOCKS = YES;
				GCC_WARN_64_TO_32_BIT_CONVERSION = YES;
				GCC_WARN_ABOUT_RETURN_TYPE = YES_ERROR;
				GCC_WARN_UNDECLARED_SELECTOR = YES;
				GCC_WARN_UNINITIALIZED_AUTOS = YES_AGGRESSIVE;
				GCC_WARN_UNUSED_FUNCTION = YES;
				GCC_WARN_UNUSED_VARIABLE = YES;
				IPHONEOS_DEPLOYMENT_TARGET = 10.0;
				MTL_ENABLE_DEBUG_INFO = NO;
				MTL_FAST_MATH = YES;
				SDKROOT = iphoneos;
				SWIFT_COMPILATION_MODE = wholemodule;
				SWIFT_OPTIMIZATION_LEVEL = "-O";
				VALIDATE_PRODUCT = YES;
			};
			name = Release;
		};
		64E1FED12357672600A67E8C /* Debug */ = {
			isa = XCBuildConfiguration;
			baseConfigurationReference = 9610974F6D2C2FBA68787C28 /* Pods-GithubIssue.debug.xcconfig */;
			buildSettings = {
				ASSETCATALOG_COMPILER_APPICON_NAME = AppIcon;
				CODE_SIGN_STYLE = Automatic;
				INFOPLIST_FILE = Application/Infos/Info.plist;
				LD_RUNPATH_SEARCH_PATHS = (
					"$(inherited)",
					"@executable_path/Frameworks",
				);
				PRODUCT_BUNDLE_IDENTIFIER = nhatdoan.com.GithubIssue;
				PRODUCT_NAME = "$(TARGET_NAME)";
				SWIFT_VERSION = 5.0;
				TARGETED_DEVICE_FAMILY = "1,2";
			};
			name = Debug;
		};
		64E1FED22357672600A67E8C /* Release */ = {
			isa = XCBuildConfiguration;
			baseConfigurationReference = A80370200AA5A35E34E521CD /* Pods-GithubIssue.release.xcconfig */;
			buildSettings = {
				ASSETCATALOG_COMPILER_APPICON_NAME = AppIcon;
				CODE_SIGN_STYLE = Automatic;
				INFOPLIST_FILE = Application/Infos/Info.plist;
				LD_RUNPATH_SEARCH_PATHS = (
					"$(inherited)",
					"@executable_path/Frameworks",
				);
				PRODUCT_BUNDLE_IDENTIFIER = nhatdoan.com.GithubIssue;
				PRODUCT_NAME = "$(TARGET_NAME)";
				SWIFT_VERSION = 5.0;
				TARGETED_DEVICE_FAMILY = "1,2";
			};
			name = Release;
		};
/* End XCBuildConfiguration section */

/* Begin XCConfigurationList section */
		64E1FEB72357672500A67E8C /* Build configuration list for PBXProject "GithubIssue" */ = {
			isa = XCConfigurationList;
			buildConfigurations = (
				64E1FECE2357672600A67E8C /* Debug */,
				64E1FECF2357672600A67E8C /* Release */,
			);
			defaultConfigurationIsVisible = 0;
			defaultConfigurationName = Release;
		};
		64E1FED02357672600A67E8C /* Build configuration list for PBXNativeTarget "GithubIssue" */ = {
			isa = XCConfigurationList;
			buildConfigurations = (
				64E1FED12357672600A67E8C /* Debug */,
				64E1FED22357672600A67E8C /* Release */,
			);
			defaultConfigurationIsVisible = 0;
			defaultConfigurationName = Release;
		};
/* End XCConfigurationList section */
	};
	rootObject = 64E1FEB42357672500A67E8C /* Project object */;
}
